# THIS IS AN AUTOGENERATED FILE. DO NOT EDIT THIS FILE DIRECTLY.
# yarn lockfile v1


adm-zip@^0.4.13:
  version "0.4.13"
  resolved "http://registry.npm.taobao.org/adm-zip/download/adm-zip-0.4.13.tgz#597e2f8cc3672151e1307d3e95cddbc75672314a"
  integrity sha1-WX4vjMNnIVHhMH0+lc3bx1ZyMUo=

bluebird@^3.5.1:
  version "3.5.3"
  resolved "http://registry.npm.taobao.org/bluebird/download/bluebird-3.5.3.tgz#7d01c6f9616c9a51ab0f8c549a79dfe6ec33efa7"
  integrity sha1-fQHG+WFsmlGrD4xUmnnf5uwz76c=

fs-adapters@^1.0.0:
  version "1.0.0"
  resolved "http://registry.npm.taobao.org/fs-adapters/download/fs-adapters-1.0.0.tgz#37d42cc2c33b337cc6eaa7228fc1641a010df258"
  integrity sha1-N9QswsM7M3zG6qcij8FkGgEN8lg=
  dependencies:
    bluebird "^3.5.1"
    stream-buffers "^3.0.2"

stream-buffers@^3.0.2:
  version "3.0.2"
  resolved "http://registry.npm.taobao.org/stream-buffers/download/stream-buffers-3.0.2.tgz#5249005a8d5c2d00b3a32e6e0a6ea209dc4f3521"
  integrity sha1-UkkAWo1cLQCzoy5uCm6iCdxPNSE=
